
Microsoft Visual Studio Solution File, Format Version 12.00
# Visual Studio Version 17
VisualStudioVersion = 17.8.34330.188
MinimumVisualStudioVersion = 10.0.40219.1
Project("{FAE04EC0-301F-11D3-BF4B-00C04F79EFBC}") = "LoadTest", "LoadTest\LoadTest.csproj", "{B7088868-3C34-40C0-B61A-2EA317A335D8}"
EndProject
Global
	GlobalSection(SolutionConfigurationPlatforms) = preSolution
		Debug|Any CPU = Debug|Any CPU
		Release|Any CPU = Release|Any CPU
	EndGlobalSection
	GlobalSection(ProjectConfigurationPlatforms) = postSolution
		{B7088868-3C34-40C0-B61A-2EA317A335D8}.Debug|Any CPU.ActiveCfg = Debug|Any CPU
		{B7088868-3C34-40C0-B61A-2EA317A335D8}.Debug|Any CPU.Build.0 = Debug|Any CPU
		{B7088868-3C34-40C0-B61A-2EA317A335D8}.Release|Any CPU.ActiveCfg = Release|Any CPU
		{B7088868-3C34-40C0-B61A-2EA317A335D8}.Release|Any CPU.Build.0 = Release|Any CPU
	EndGlobalSection
	GlobalSection(SolutionProperties) = preSolution
		HideSolutionNode = FALSE
	EndGlobalSection
	GlobalSection(ExtensibilityGlobals) = postSolution
		SolutionGuid = {C2844A85-1289-4C6E-9F7F-3EB67632D4B0}
	EndGlobalSection
EndGlobal
